// !$*UTF8*$!
{
	archiveVersion = 1;
	classes = {
	};
	objectVersion = 55;
	objects = {

/* Begin PBXBuildFile section */
		3834CDC0275432B500F72E1F /* AppModel.swift in Sources */ = {isa = PBXBuildFile; fileRef = 3834CDBF275432B500F72E1F /* AppModel.swift */; };
		3834CDC1275432B500F72E1F /* AppModel.swift in Sources */ = {isa = PBXBuildFile; fileRef = 3834CDBF275432B500F72E1F /* AppModel.swift */; };
		3853D74927DB86C0000332B5 /* SevenCoinsDemo.swift in Sources */ = {isa = PBXBuildFile; fileRef = 3853D74827DB86C0000332B5 /* SevenCoinsDemo.swift */; };
		387CF8D427DD043200EE1FD4 /* SevenCoinsPage.swift in Sources */ = {isa = PBXBuildFile; fileRef = 387CF8D327DD043200EE1FD4 /* SevenCoinsPage.swift */; };
		387CF8D527DD043200EE1FD4 /* SevenCoinsPage.swift in Sources */ = {isa = PBXBuildFile; fileRef = 387CF8D327DD043200EE1FD4 /* SevenCoinsPage.swift */; };
		3883365727F08AB50025494E /* SevenCoinsDemo.swift in Sources */ = {isa = PBXBuildFile; fileRef = 3853D74827DB86C0000332B5 /* SevenCoinsDemo.swift */; };
		389993AB2755139A00A3BD98 /* Wacoma in Frameworks */ = {isa = PBXBuildFile; productRef = 389993AA2755139A00A3BD98 /* Wacoma */; };
		389993AE2755140B00A3BD98 /* Wacoma in Frameworks */ = {isa = PBXBuildFile; productRef = 389993AD2755140B00A3BD98 /* Wacoma */; };
		389993B5275515A300A3BD98 /* XYPlotForSwift in Frameworks */ = {isa = PBXBuildFile; productRef = 389993B4275515A300A3BD98 /* XYPlotForSwift */; };
		389993B7275515B000A3BD98 /* XYPlotForSwift in Frameworks */ = {isa = PBXBuildFile; productRef = 389993B6275515B000A3BD98 /* XYPlotForSwift */; };
		38B1AACA274E7A5F00D29C5A /* LICENSE in Resources */ = {isa = PBXBuildFile; fileRef = 38B1AAC9274E7A5F00D29C5A /* LICENSE */; };
		38B1AACC274E7A6900D29C5A /* README.md in Resources */ = {isa = PBXBuildFile; fileRef = 38B1AACB274E7A6900D29C5A /* README.md */; };
		38E40D0D27F5E29E00EDE038 /* View+Extensions.swift in Sources */ = {isa = PBXBuildFile; fileRef = 38E40D0C27F5E29E00EDE038 /* View+Extensions.swift */; };
		38E40D0E27F5E29E00EDE038 /* View+Extensions.swift in Sources */ = {isa = PBXBuildFile; fileRef = 38E40D0C27F5E29E00EDE038 /* View+Extensions.swift */; };
		38EB187A27F5F85100709F95 /* CaptionEditorView.swift in Sources */ = {isa = PBXBuildFile; fileRef = 38EB187927F5F85100709F95 /* CaptionEditorView.swift */; };
		38EB187B27F5F85100709F95 /* CaptionEditorView.swift in Sources */ = {isa = PBXBuildFile; fileRef = 38EB187927F5F85100709F95 /* CaptionEditorView.swift */; };
		38EB187D27F5F8BE00709F95 /* LayerPicker.swift in Sources */ = {isa = PBXBuildFile; fileRef = 38EB187C27F5F8BE00709F95 /* LayerPicker.swift */; };
		38EB187E27F5F8BE00709F95 /* LayerPicker.swift in Sources */ = {isa = PBXBuildFile; fileRef = 38EB187C27F5F8BE00709F95 /* LayerPicker.swift */; };
		38F29D48274E556C0045B74F /* XYPlotForSwift_DemoApp.swift in Sources */ = {isa = PBXBuildFile; fileRef = 38F29D38274E556A0045B74F /* XYPlotForSwift_DemoApp.swift */; };
		38F29D49274E556C0045B74F /* XYPlotForSwift_DemoApp.swift in Sources */ = {isa = PBXBuildFile; fileRef = 38F29D38274E556A0045B74F /* XYPlotForSwift_DemoApp.swift */; };
		38F29D4A274E556C0045B74F /* ContentView.swift in Sources */ = {isa = PBXBuildFile; fileRef = 38F29D39274E556A0045B74F /* ContentView.swift */; };
		38F29D4B274E556C0045B74F /* ContentView.swift in Sources */ = {isa = PBXBuildFile; fileRef = 38F29D39274E556A0045B74F /* ContentView.swift */; };
		38F29D4C274E556C0045B74F /* Assets.xcassets in Resources */ = {isa = PBXBuildFile; fileRef = 38F29D3A274E556C0045B74F /* Assets.xcassets */; };
		38F29D4D274E556C0045B74F /* Assets.xcassets in Resources */ = {isa = PBXBuildFile; fileRef = 38F29D3A274E556C0045B74F /* Assets.xcassets */; };
/* End PBXBuildFile section */

/* Begin PBXFileReference section */
		3834CDBF275432B500F72E1F /* AppModel.swift */ = {isa = PBXFileReference; lastKnownFileType = sourcecode.swift; path = AppModel.swift; sourceTree = "<group>"; };
		3853D74827DB86C0000332B5 /* SevenCoinsDemo.swift */ = {isa = PBXFileReference; lastKnownFileType = sourcecode.swift; path = SevenCoinsDemo.swift; sourceTree = "<group>"; };
		385D456C27F60D3200FF993C /* XYPlotForSwift-Demo (iOS).entitlements */ = {isa = PBXFileReference; fileEncoding = 4; lastKnownFileType = text.plist.entitlements; path = "XYPlotForSwift-Demo (iOS).entitlements"; sourceTree = "<group>"; };
		387CF8D327DD043200EE1FD4 /* SevenCoinsPage.swift */ = {isa = PBXFileReference; lastKnownFileType = sourcecode.swift; path = SevenCoinsPage.swift; sourceTree = "<group>"; };
		38B1AAC9274E7A5F00D29C5A /* LICENSE */ = {isa = PBXFileReference; fileEncoding = 4; lastKnownFileType = text; path = LICENSE; sourceTree = "<group>"; };
		38B1AACB274E7A6900D29C5A /* README.md */ = {isa = PBXFileReference; fileEncoding = 4; lastKnownFileType = net.daringfireball.markdown; path = README.md; sourceTree = "<group>"; };
		38E40D0C27F5E29E00EDE038 /* View+Extensions.swift */ = {isa = PBXFileReference; lastKnownFileType = sourcecode.swift; path = "View+Extensions.swift"; sourceTree = "<group>"; };
		38EB187827F5F55400709F95 /* XYPlotForSwift-Demo--iOS--Info.plist */ = {isa = PBXFileReference; lastKnownFileType = text.plist; path = "XYPlotForSwift-Demo--iOS--Info.plist"; sourceTree = "<group>"; };
		38EB187927F5F85100709F95 /* CaptionEditorView.swift */ = {isa = PBXFileReference; lastKnownFileType = sourcecode.swift; path = CaptionEditorView.swift; sourceTree = "<group>"; };
		38EB187C27F5F8BE00709F95 /* LayerPicker.swift */ = {isa = PBXFileReference; lastKnownFileType = sourcecode.swift; path = LayerPicker.swift; sourceTree = "<group>"; };
		38F29D38274E556A0045B74F /* XYPlotForSwift_DemoApp.swift */ = {isa = PBXFileReference; lastKnownFileType = sourcecode.swift; path = XYPlotForSwift_DemoApp.swift; sourceTree = "<group>"; };
		38F29D39274E556A0045B74F /* ContentView.swift */ = {isa = PBXFileReference; lastKnownFileType = sourcecode.swift; path = ContentView.swift; sourceTree = "<group>"; };
		38F29D3A274E556C0045B74F /* Assets.xcassets */ = {isa = PBXFileReference; lastKnownFileType = folder.assetcatalog; path = Assets.xcassets; sourceTree = "<group>"; };
		38F29D3F274E556C0045B74F /* XYPlotForSwift-Demo.app */ = {isa = PBXFileReference; explicitFileType = wrapper.application; includeInIndex = 0; path = "XYPlotForSwift-Demo.app"; sourceTree = BUILT_PRODUCTS_DIR; };
		38F29D45274E556C0045B74F /* XYPlotForSwift-Demo.app */ = {isa = PBXFileReference; explicitFileType = wrapper.application; includeInIndex = 0; path = "XYPlotForSwift-Demo.app"; sourceTree = BUILT_PRODUCTS_DIR; };
		38F29D47274E556C0045B74F /* macOS.entitlements */ = {isa = PBXFileReference; lastKnownFileType = text.plist.entitlements; path = macOS.entitlements; sourceTree = "<group>"; };
/* End PBXFileReference section */

/* Begin PBXFrameworksBuildPhase section */
		38F29D3C274E556C0045B74F /* Frameworks */ = {
			isa = PBXFrameworksBuildPhase;
			buildActionMask = 2147483647;
			files = (
				389993B5275515A300A3BD98 /* XYPlotForSwift in Frameworks */,
				389993AB2755139A00A3BD98 /* Wacoma in Frameworks */,
			);
			runOnlyForDeploymentPostprocessing = 0;
		};
		38F29D42274E556C0045B74F /* Frameworks */ = {
			isa = PBXFrameworksBuildPhase;
			buildActionMask = 2147483647;
			files = (
				389993B7275515B000A3BD98 /* XYPlotForSwift in Frameworks */,
				389993AE2755140B00A3BD98 /* Wacoma in Frameworks */,
			);
			runOnlyForDeploymentPostprocessing = 0;
		};
/* End PBXFrameworksBuildPhase section */

/* Begin PBXGroup section */
		38F29D32274E556A0045B74F = {
			isa = PBXGroup;
			children = (
				385D456C27F60D3200FF993C /* XYPlotForSwift-Demo (iOS).entitlements */,
				38EB187827F5F55400709F95 /* XYPlotForSwift-Demo--iOS--Info.plist */,
				38F29D37274E556A0045B74F /* Shared */,
				38F29D46274E556C0045B74F /* macOS */,
				38B1AAC9274E7A5F00D29C5A /* LICENSE */,
				38B1AACB274E7A6900D29C5A /* README.md */,
				38F29D5B274E55BF0045B74F /* Frameworks */,
				38F29D6E274E59EF0045B74F /* Packages */,
				38F29D40274E556C0045B74F /* Products */,
			);
			sourceTree = "<group>";
		};
		38F29D37274E556A0045B74F /* Shared */ = {
			isa = PBXGroup;
			children = (
				3834CDBF275432B500F72E1F /* AppModel.swift */,
				38EB187927F5F85100709F95 /* CaptionEditorView.swift */,
				38F29D39274E556A0045B74F /* ContentView.swift */,
				38EB187C27F5F8BE00709F95 /* LayerPicker.swift */,
				3853D74827DB86C0000332B5 /* SevenCoinsDemo.swift */,
				387CF8D327DD043200EE1FD4 /* SevenCoinsPage.swift */,
				38E40D0C27F5E29E00EDE038 /* View+Extensions.swift */,
				38F29D38274E556A0045B74F /* XYPlotForSwift_DemoApp.swift */,
				38F29D3A274E556C0045B74F /* Assets.xcassets */,
			);
			path = Shared;
			sourceTree = "<group>";
		};
		38F29D40274E556C0045B74F /* Products */ = {
			isa = PBXGroup;
			children = (
				38F29D3F274E556C0045B74F /* XYPlotForSwift-Demo.app */,
				38F29D45274E556C0045B74F /* XYPlotForSwift-Demo.app */,
			);
			name = Products;
			sourceTree = "<group>";
		};
		38F29D46274E556C0045B74F /* macOS */ = {
			isa = PBXGroup;
			children = (
				38F29D47274E556C0045B74F /* macOS.entitlements */,
			);
			path = macOS;
			sourceTree = "<group>";
		};
		38F29D5B274E55BF0045B74F /* Frameworks */ = {
			isa = PBXGroup;
			children = (
			);
			name = Frameworks;
			sourceTree = "<group>";
		};
		38F29D6E274E59EF0045B74F /* Packages */ = {
			isa = PBXGroup;
			children = (
			);
			name = Packages;
			sourceTree = "<group>";
		};
/* End PBXGroup section */

/* Begin PBXNativeTarget section */
		38F29D3E274E556C0045B74F /* XYPlotForSwift-Demo (iOS) */ = {
			isa = PBXNativeTarget;
			buildConfigurationList = 38F29D50274E556C0045B74F /* Build configuration list for PBXNativeTarget "XYPlotForSwift-Demo (iOS)" */;
			buildPhases = (
				38F29D3B274E556C0045B74F /* Sources */,
				38F29D3C274E556C0045B74F /* Frameworks */,
				38F29D3D274E556C0045B74F /* Resources */,
			);
			buildRules = (
			);
			dependencies = (
			);
			name = "XYPlotForSwift-Demo (iOS)";
			packageProductDependencies = (
				389993AA2755139A00A3BD98 /* Wacoma */,
				389993B4275515A300A3BD98 /* XYPlotForSwift */,
			);
			productName = "XYPlotForSwift-Demo (iOS)";
			productReference = 38F29D3F274E556C0045B74F /* XYPlotForSwift-Demo.app */;
			productType = "com.apple.product-type.application";
		};
		38F29D44274E556C0045B74F /* XYPlotForSwift-Demo (macOS) */ = {
			isa = PBXNativeTarget;
			buildConfigurationList = 38F29D53274E556C0045B74F /* Build configuration list for PBXNativeTarget "XYPlotForSwift-Demo (macOS)" */;
			buildPhases = (
				38F29D41274E556C0045B74F /* Sources */,
				38F29D42274E556C0045B74F /* Frameworks */,
				38F29D43274E556C0045B74F /* Resources */,
			);
			buildRules = (
			);
			dependencies = (
			);
			name = "XYPlotForSwift-Demo (macOS)";
			packageProductDependencies = (
				389993AD2755140B00A3BD98 /* Wacoma */,
				389993B6275515B000A3BD98 /* XYPlotForSwift */,
			);
			productName = "XYPlotForSwift-Demo (macOS)";
			productReference = 38F29D45274E556C0045B74F /* XYPlotForSwift-Demo.app */;
			productType = "com.apple.product-type.application";
		};
/* End PBXNativeTarget section */

/* Begin PBXProject section */
		38F29D33274E556A0045B74F /* Project object */ = {
			isa = PBXProject;
			attributes = {
				BuildIndependentTargetsInParallel = 1;
				LastSwiftUpdateCheck = 1310;
				LastUpgradeCheck = 1320;
				TargetAttributes = {
					38F29D3E274E556C0045B74F = {
						CreatedOnToolsVersion = 13.1;
					};
					38F29D44274E556C0045B74F = {
						CreatedOnToolsVersion = 13.1;
					};
				};
			};
			buildConfigurationList = 38F29D36274E556A0045B74F /* Build configuration list for PBXProject "XYPlotForSwift-Demo" */;
			compatibilityVersion = "Xcode 13.0";
			developmentRegion = en;
			hasScannedForEncodings = 0;
			knownRegions = (
				en,
				Base,
			);
			mainGroup = 38F29D32274E556A0045B74F;
			packageReferences = (
				389993A92755139A00A3BD98 /* XCRemoteSwiftPackageReference "Wacoma" */,
				389993B3275515A300A3BD98 /* XCRemoteSwiftPackageReference "XYPlotForSwift" */,
			);
			productRefGroup = 38F29D40274E556C0045B74F /* Products */;
			projectDirPath = "";
			projectRoot = "";
			targets = (
				38F29D3E274E556C0045B74F /* XYPlotForSwift-Demo (iOS) */,
				38F29D44274E556C0045B74F /* XYPlotForSwift-Demo (macOS) */,
			);
		};
/* End PBXProject section */

/* Begin PBXResourcesBuildPhase section */
		38F29D3D274E556C0045B74F /* Resources */ = {
			isa = PBXResourcesBuildPhase;
			buildActionMask = 2147483647;
			files = (
				38B1AACC274E7A6900D29C5A /* README.md in Resources */,
				38B1AACA274E7A5F00D29C5A /* LICENSE in Resources */,
				38F29D4C274E556C0045B74F /* Assets.xcassets in Resources */,
			);
			runOnlyForDeploymentPostprocessing = 0;
		};
		38F29D43274E556C0045B74F /* Resources */ = {
			isa = PBXResourcesBuildPhase;
			buildActionMask = 2147483647;
			files = (
				38F29D4D274E556C0045B74F /* Assets.xcassets in Resources */,
			);
			runOnlyForDeploymentPostprocessing = 0;
		};
/* End PBXResourcesBuildPhase section */

/* Begin PBXSourcesBuildPhase section */
		38F29D3B274E556C0045B74F /* Sources */ = {
			isa = PBXSourcesBuildPhase;
			buildActionMask = 2147483647;
			files = (
				38F29D4A274E556C0045B74F /* ContentView.swift in Sources */,
				3853D74927DB86C0000332B5 /* SevenCoinsDemo.swift in Sources */,
				3834CDC0275432B500F72E1F /* AppModel.swift in Sources */,
				387CF8D427DD043200EE1FD4 /* SevenCoinsPage.swift in Sources */,
				38E40D0D27F5E29E00EDE038 /* View+Extensions.swift in Sources */,
				38EB187A27F5F85100709F95 /* CaptionEditorView.swift in Sources */,
				38F29D48274E556C0045B74F /* XYPlotForSwift_DemoApp.swift in Sources */,
				38EB187D27F5F8BE00709F95 /* LayerPicker.swift in Sources */,
			);
			runOnlyForDeploymentPostprocessing = 0;
		};
		38F29D41274E556C0045B74F /* Sources */ = {
			isa = PBXSourcesBuildPhase;
			buildActionMask = 2147483647;
			files = (
				38F29D4B274E556C0045B74F /* ContentView.swift in Sources */,
				387CF8D527DD043200EE1FD4 /* SevenCoinsPage.swift in Sources */,
				3834CDC1275432B500F72E1F /* AppModel.swift in Sources */,
				3883365727F08AB50025494E /* SevenCoinsDemo.swift in Sources */,
				38E40D0E27F5E29E00EDE038 /* View+Extensions.swift in Sources */,
				38EB187B27F5F85100709F95 /* CaptionEditorView.swift in Sources */,
				38F29D49274E556C0045B74F /* XYPlotForSwift_DemoApp.swift in Sources */,
				38EB187E27F5F8BE00709F95 /* LayerPicker.swift in Sources */,
			);
			runOnlyForDeploymentPostprocessing = 0;
		};
/* End PBXSourcesBuildPhase section */

/* Begin XCBuildConfiguration section */
		38F29D4E274E556C0045B74F /* Debug */ = {
			isa = XCBuildConfiguration;
			buildSettings = {
				ALWAYS_SEARCH_USER_PATHS = NO;
				CLANG_ANALYZER_NONNULL = YES;
				CLANG_ANALYZER_NUMBER_OBJECT_CONVERSION = YES_AGGRESSIVE;
				CLANG_CXX_LANGUAGE_STANDARD = "gnu++17";
				CLANG_CXX_LIBRARY = "libc++";
				CLANG_ENABLE_MODULES = YES;
				CLANG_ENABLE_OBJC_ARC = YES;
				CLANG_ENABLE_OBJC_WEAK = YES;
				CLANG_WARN_BLOCK_CAPTURE_AUTORELEASING = YES;
				CLANG_WARN_BOOL_CONVERSION = YES;
				CLANG_WARN_COMMA = YES;
				CLANG_WARN_CONSTANT_CONVERSION = YES;
				CLANG_WARN_DEPRECATED_OBJC_IMPLEMENTATIONS = YES;
				CLANG_WARN_DIRECT_OBJC_ISA_USAGE = YES_ERROR;
				CLANG_WARN_DOCUMENTATION_COMMENTS = YES;
				CLANG_WARN_EMPTY_BODY = YES;
				CLANG_WARN_ENUM_CONVERSION = YES;
				CLANG_WARN_INFINITE_RECURSION = YES;
				CLANG_WARN_INT_CONVERSION = YES;
				CLANG_WARN_NON_LITERAL_NULL_CONVERSION = YES;
				CLANG_WARN_OBJC_IMPLICIT_RETAIN_SELF = YES;
				CLANG_WARN_OBJC_LITERAL_CONVERSION = YES;
				CLANG_WARN_OBJC_ROOT_CLASS = YES_ERROR;
				CLANG_WARN_QUOTED_INCLUDE_IN_FRAMEWORK_HEADER = YES;
				CLANG_WARN_RANGE_LOOP_ANALYSIS = YES;
				CLANG_WARN_STRICT_PROTOTYPES = YES;
				CLANG_WARN_SUSPICIOUS_MOVE = YES;
				CLANG_WARN_UNGUARDED_AVAILABILITY = YES_AGGRESSIVE;
				CLANG_WARN_UNREACHABLE_CODE = YES;
				CLANG_WARN__DUPLICATE_METHOD_MATCH = YES;
				COPY_PHASE_STRIP = NO;
				DEBUG_INFORMATION_FORMAT = dwarf;
				ENABLE_STRICT_OBJC_MSGSEND = YES;
				ENABLE_TESTABILITY = YES;
				GCC_C_LANGUAGE_STANDARD = gnu11;
				GCC_DYNAMIC_NO_PIC = NO;
				GCC_NO_COMMON_BLOCKS = YES;
				GCC_OPTIMIZATION_LEVEL = 0;
				GCC_PREPROCESSOR_DEFINITIONS = (
					"DEBUG=1",
					"$(inherited)",
				);
				GCC_WARN_64_TO_32_BIT_CONVERSION = YES;
				GCC_WARN_ABOUT_RETURN_TYPE = YES_ERROR;
				GCC_WARN_UNDECLARED_SELECTOR = YES;
				GCC_WARN_UNINITIALIZED_AUTOS = YES_AGGRESSIVE;
				GCC_WARN_UNUSED_FUNCTION = YES;
				GCC_WARN_UNUSED_VARIABLE = YES;
				MTL_ENABLE_DEBUG_INFO = INCLUDE_SOURCE;
				MTL_FAST_MATH = YES;
				ONLY_ACTIVE_ARCH = YES;
				SWIFT_ACTIVE_COMPILATION_CONDITIONS = DEBUG;
				SWIFT_OPTIMIZATION_LEVEL = "-Onone";
			};
			name = Debug;
		};
		38F29D4F274E556C0045B74F /* Release */ = {
			isa = XCBuildConfiguration;
			buildSettings = {
				ALWAYS_SEARCH_USER_PATHS = NO;
				CLANG_ANALYZER_NONNULL = YES;
				CLANG_ANALYZER_NUMBER_OBJECT_CONVERSION = YES_AGGRESSIVE;
				CLANG_CXX_LANGUAGE_STANDARD = "gnu++17";
				CLANG_CXX_LIBRARY = "libc++";
				CLANG_ENABLE_MODULES = YES;
				CLANG_ENABLE_OBJC_ARC = YES;
				CLANG_ENABLE_OBJC_WEAK = YES;
				CLANG_WARN_BLOCK_CAPTURE_AUTORELEASING = YES;
				CLANG_WARN_BOOL_CONVERSION = YES;
				CLANG_WARN_COMMA = YES;
				CLANG_WARN_CONSTANT_CONVERSION = YES;
				CLANG_WARN_DEPRECATED_OBJC_IMPLEMENTATIONS = YES;
				CLANG_WARN_DIRECT_OBJC_ISA_USAGE = YES_ERROR;
				CLANG_WARN_DOCUMENTATION_COMMENTS = YES;
				CLANG_WARN_EMPTY_BODY = YES;
				CLANG_WARN_ENUM_CONVERSION = YES;
				CLANG_WARN_INFINITE_RECURSION = YES;
				CLANG_WARN_INT_CONVERSION = YES;
				CLANG_WARN_NON_LITERAL_NULL_CONVERSION = YES;
				CLANG_WARN_OBJC_IMPLICIT_RETAIN_SELF = YES;
				CLANG_WARN_OBJC_LITERAL_CONVERSION = YES;
				CLANG_WARN_OBJC_ROOT_CLASS = YES_ERROR;
				CLANG_WARN_QUOTED_INCLUDE_IN_FRAMEWORK_HEADER = YES;
				CLANG_WARN_RANGE_LOOP_ANALYSIS = YES;
				CLANG_WARN_STRICT_PROTOTYPES = YES;
				CLANG_WARN_SUSPICIOUS_MOVE = YES;
				CLANG_WARN_UNGUARDED_AVAILABILITY = YES_AGGRESSIVE;
				CLANG_WARN_UNREACHABLE_CODE = YES;
				CLANG_WARN__DUPLICATE_METHOD_MATCH = YES;
				COPY_PHASE_STRIP = NO;
				DEBUG_INFORMATION_FORMAT = "dwarf-with-dsym";
				ENABLE_NS_ASSERTIONS = NO;
				ENABLE_STRICT_OBJC_MSGSEND = YES;
				GCC_C_LANGUAGE_STANDARD = gnu11;
				GCC_NO_COMMON_BLOCKS = YES;
				GCC_WARN_64_TO_32_BIT_CONVERSION = YES;
				GCC_WARN_ABOUT_RETURN_TYPE = YES_ERROR;
				GCC_WARN_UNDECLARED_SELECTOR = YES;
				GCC_WARN_UNINITIALIZED_AUTOS = YES_AGGRESSIVE;
				GCC_WARN_UNUSED_FUNCTION = YES;
				GCC_WARN_UNUSED_VARIABLE = YES;
				MTL_ENABLE_DEBUG_INFO = NO;
				MTL_FAST_MATH = YES;
				SWIFT_COMPILATION_MODE = wholemodule;
				SWIFT_OPTIMIZATION_LEVEL = "-O";
			};
			name = Release;
		};
		38F29D51274E556C0045B74F /* Debug */ = {
			isa = XCBuildConfiguration;
			buildSettings = {
				ASSETCATALOG_COMPILER_APPICON_NAME = AppIcon;
				ASSETCATALOG_COMPILER_GLOBAL_ACCENT_COLOR_NAME = AccentColor;
				CODE_SIGN_ENTITLEMENTS = "XYPlotForSwift-Demo (iOS).entitlements";
				CODE_SIGN_STYLE = Automatic;
				CURRENT_PROJECT_VERSION = 1;
				DEVELOPMENT_TEAM = VV92S3CB9G;
				ENABLE_PREVIEWS = YES;
				GENERATE_INFOPLIST_FILE = YES;
				INFOPLIST_FILE = "XYPlotForSwift-Demo--iOS--Info.plist";
				INFOPLIST_KEY_NSPhotoLibraryAddUsageDescription = "for screenshots";
				INFOPLIST_KEY_UIApplicationSupportsIndirectInputEvents = YES;
				INFOPLIST_KEY_UILaunchScreen_Generation = YES;
				INFOPLIST_KEY_UISupportedInterfaceOrientations_iPad = "UIInterfaceOrientationLandscapeLeft UIInterfaceOrientationLandscapeRight";
				INFOPLIST_KEY_UISupportedInterfaceOrientations_iPhone = "UIInterfaceOrientationPortrait UIInterfaceOrientationLandscapeLeft UIInterfaceOrientationLandscapeRight";
				IPHONEOS_DEPLOYMENT_TARGET = 15.0;
				LD_RUNPATH_SEARCH_PATHS = (
					"$(inherited)",
					"@executable_path/Frameworks",
				);
				MARKETING_VERSION = 1.0;
				PRODUCT_BUNDLE_IDENTIFIER = "com.jehanson.XYPlotForSwift-Demo";
				PRODUCT_NAME = "XYPlotForSwift-Demo";
				SDKROOT = iphoneos;
				SUPPORTS_MACCATALYST = YES;
				SWIFT_EMIT_LOC_STRINGS = YES;
				SWIFT_VERSION = 5.0;
				TARGETED_DEVICE_FAMILY = "1,2";
			};
			name = Debug;
		};
		38F29D52274E556C0045B74F /* Release */ = {
			isa = XCBuildConfiguration;
			buildSettings = {
				ASSETCATALOG_COMPILER_APPICON_NAME = AppIcon;
				ASSETCATALOG_COMPILER_GLOBAL_ACCENT_COLOR_NAME = AccentColor;
				CODE_SIGN_ENTITLEMENTS = "XYPlotForSwift-Demo (iOS).entitlements";
				CODE_SIGN_STYLE = Automatic;
				CURRENT_PROJECT_VERSION = 1;
				DEVELOPMENT_TEAM = VV92S3CB9G;
				ENABLE_PREVIEWS = YES;
				GENERATE_INFOPLIST_FILE = YES;
				INFOPLIST_FILE = "XYPlotForSwift-Demo--iOS--Info.plist";
				INFOPLIST_KEY_NSPhotoLibraryAddUsageDescription = "for screenshots";
				INFOPLIST_KEY_UIApplicationSupportsIndirectInputEvents = YES;
				INFOPLIST_KEY_UILaunchScreen_Generation = YES;
				INFOPLIST_KEY_UISupportedInterfaceOrientations_iPad = "UIInterfaceOrientationLandscapeLeft UIInterfaceOrientationLandscapeRight";
				INFOPLIST_KEY_UISupportedInterfaceOrientations_iPhone = "UIInterfaceOrientationPortrait UIInterfaceOrientationLandscapeLeft UIInterfaceOrientationLandscapeRight";
				IPHONEOS_DEPLOYMENT_TARGET = 15.0;
				LD_RUNPATH_SEARCH_PATHS = (
					"$(inherited)",
					"@executable_path/Frameworks",
				);
				MARKETING_VERSION = 1.0;
				PRODUCT_BUNDLE_IDENTIFIER = "com.jehanson.XYPlotForSwift-Demo";
				PRODUCT_NAME = "XYPlotForSwift-Demo";
				SDKROOT = iphoneos;
				SUPPORTS_MACCATALYST = YES;
				SWIFT_EMIT_LOC_STRINGS = YES;
				SWIFT_VERSION = 5.0;
				TARGETED_DEVICE_FAMILY = "1,2";
				VALIDATE_PRODUCT = YES;
			};
			name = Release;
		};
		38F29D54274E556C0045B74F /* Debug */ = {
			isa = XCBuildConfiguration;
			buildSettings = {
				ASSETCATALOG_COMPILER_APPICON_NAME = AppIcon;
				ASSETCATALOG_COMPILER_GLOBAL_ACCENT_COLOR_NAME = AccentColor;
				CODE_SIGN_ENTITLEMENTS = macOS/macOS.entitlements;
				CODE_SIGN_IDENTITY = "-";
				CODE_SIGN_STYLE = Automatic;
				COMBINE_HIDPI_IMAGES = YES;
				CURRENT_PROJECT_VERSION = 1;
				DEVELOPMENT_TEAM = VV92S3CB9G;
				ENABLE_HARDENED_RUNTIME = YES;
				ENABLE_PREVIEWS = YES;
				GENERATE_INFOPLIST_FILE = YES;
				INFOPLIST_KEY_NSHumanReadableCopyright = "";
				LD_RUNPATH_SEARCH_PATHS = (
					"$(inherited)",
					"@executable_path/../Frameworks",
				);
				MACOSX_DEPLOYMENT_TARGET = 12.0;
				MARKETING_VERSION = 1.0;
				PRODUCT_BUNDLE_IDENTIFIER = "com.jehanson.XYPlotForSwift-Demo";
				PRODUCT_NAME = "XYPlotForSwift-Demo";
				SDKROOT = macosx;
				SWIFT_EMIT_LOC_STRINGS = YES;
				SWIFT_VERSION = 5.0;
			};
			name = Debug;
		};
		38F29D55274E556C0045B74F /* Release */ = {
			isa = XCBuildConfiguration;
			buildSettings = {
				ASSETCATALOG_COMPILER_APPICON_NAME = AppIcon;
				ASSETCATALOG_COMPILER_GLOBAL_ACCENT_COLOR_NAME = AccentColor;
				CODE_SIGN_ENTITLEMENTS = macOS/macOS.entitlements;
				CODE_SIGN_IDENTITY = "-";
				CODE_SIGN_STYLE = Automatic;
				COMBINE_HIDPI_IMAGES = YES;
				CURRENT_PROJECT_VERSION = 1;
				DEVELOPMENT_TEAM = VV92S3CB9G;
				ENABLE_HARDENED_RUNTIME = YES;
				ENABLE_PREVIEWS = YES;
				GENERATE_INFOPLIST_FILE = YES;
				INFOPLIST_KEY_NSHumanReadableCopyright = "";
				LD_RUNPATH_SEARCH_PATHS = (
					"$(inherited)",
					"@executable_path/../Frameworks",
				);
				MACOSX_DEPLOYMENT_TARGET = 12.0;
				MARKETING_VERSION = 1.0;
				PRODUCT_BUNDLE_IDENTIFIER = "com.jehanson.XYPlotForSwift-Demo";
				PRODUCT_NAME = "XYPlotForSwift-Demo";
				SDKROOT = macosx;
				SWIFT_EMIT_LOC_STRINGS = YES;
				SWIFT_VERSION = 5.0;
			};
			name = Release;
		};
/* End XCBuildConfiguration section */

/* Begin XCConfigurationList section */
		38F29D36274E556A0045B74F /* Build configuration list for PBXProject "XYPlotForSwift-Demo" */ = {
			isa = XCConfigurationList;
			buildConfigurations = (
				38F29D4E274E556C0045B74F /* Debug */,
				38F29D4F274E556C0045B74F /* Release */,
			);
			defaultConfigurationIsVisible = 0;
			defaultConfigurationName = Release;
		};
		38F29D50274E556C0045B74F /* Build configuration list for PBXNativeTarget "XYPlotForSwift-Demo (iOS)" */ = {
			isa = XCConfigurationList;
			buildConfigurations = (
				38F29D51274E556C0045B74F /* Debug */,
				38F29D52274E556C0045B74F /* Release */,
			);
			defaultConfigurationIsVisible = 0;
			defaultConfigurationName = Release;
		};
		38F29D53274E556C0045B74F /* Build configuration list for PBXNativeTarget "XYPlotForSwift-Demo (macOS)" */ = {
			isa = XCConfigurationList;
			buildConfigurations = (
				38F29D54274E556C0045B74F /* Debug */,
				38F29D55274E556C0045B74F /* Release */,
			);
			defaultConfigurationIsVisible = 0;
			defaultConfigurationName = Release;
		};
/* End XCConfigurationList section */

/* Begin XCRemoteSwiftPackageReference section */
		389993A92755139A00A3BD98 /* XCRemoteSwiftPackageReference "Wacoma" */ = {
			isa = XCRemoteSwiftPackageReference;
			repositoryURL = "https://github.com/jehansontech/Wacoma";
			requirement = {
				branch = dev;
				kind = branch;
			};
		};
		389993B3275515A300A3BD98 /* XCRemoteSwiftPackageReference "XYPlotForSwift" */ = {
			isa = XCRemoteSwiftPackageReference;
			repositoryURL = "https://github.com/jehansontech/XYPlotForSwift";
			requirement = {
				branch = dev;
				kind = branch;
			};
		};
/* End XCRemoteSwiftPackageReference section */

/* Begin XCSwiftPackageProductDependency section */
		389993AA2755139A00A3BD98 /* Wacoma */ = {
			isa = XCSwiftPackageProductDependency;
			package = 389993A92755139A00A3BD98 /* XCRemoteSwiftPackageReference "Wacoma" */;
			productName = Wacoma;
		};
		389993AD2755140B00A3BD98 /* Wacoma */ = {
			isa = XCSwiftPackageProductDependency;
			package = 389993A92755139A00A3BD98 /* XCRemoteSwiftPackageReference "Wacoma" */;
			productName = Wacoma;
		};
		389993B4275515A300A3BD98 /* XYPlotForSwift */ = {
			isa = XCSwiftPackageProductDependency;
			package = 389993B3275515A300A3BD98 /* XCRemoteSwiftPackageReference "XYPlotForSwift" */;
			productName = XYPlotForSwift;
		};
		389993B6275515B000A3BD98 /* XYPlotForSwift */ = {
			isa = XCSwiftPackageProductDependency;
			package = 389993B3275515A300A3BD98 /* XCRemoteSwiftPackageReference "XYPlotForSwift" */;
			productName = XYPlotForSwift;
		};
/* End XCSwiftPackageProductDependency section */
	};
	rootObject = 38F29D33274E556A0045B74F /* Project object */;
}
