// !$*UTF8*$!
{
	archiveVersion = 1;
	classes = {
	};
	objectVersion = 52;
	objects = {

/* Begin PBXBuildFile section */
		38461ECF263C955D000E889B /* XYPlotForSwift_DemoApp.swift in Sources */ = {isa = PBXBuildFile; fileRef = 38461ECE263C955D000E889B /* XYPlotForSwift_DemoApp.swift */; };
		38461ED1263C955D000E889B /* ContentView.swift in Sources */ = {isa = PBXBuildFile; fileRef = 38461ED0263C955D000E889B /* ContentView.swift */; };
		38461ED3263C955E000E889B /* Assets.xcassets in Resources */ = {isa = PBXBuildFile; fileRef = 38461ED2263C955E000E889B /* Assets.xcassets */; };
		38461ED6263C955E000E889B /* Preview Assets.xcassets in Resources */ = {isa = PBXBuildFile; fileRef = 38461ED5263C955E000E889B /* Preview Assets.xcassets */; };
		38461EDF263C9590000E889B /* XYPlotForSwift in Frameworks */ = {isa = PBXBuildFile; productRef = 38461EDE263C9590000E889B /* XYPlotForSwift */; };
		38A7A9002647509C00784B42 /* DemoDataSources.swift in Sources */ = {isa = PBXBuildFile; fileRef = 38A7A8FF2647509C00784B42 /* DemoDataSources.swift */; };
		38D4B051264825D400ADEC58 /* PlotSelector.swift in Sources */ = {isa = PBXBuildFile; fileRef = 38D4B050264825D400ADEC58 /* PlotSelector.swift */; };
		38D4B053264827CE00ADEC58 /* TickMaker.swift in Sources */ = {isa = PBXBuildFile; fileRef = 38D4B052264827CE00ADEC58 /* TickMaker.swift */; };
/* End PBXBuildFile section */

/* Begin PBXFileReference section */
		38461ECB263C955D000E889B /* XYPlotForSwift-Demo.app */ = {isa = PBXFileReference; explicitFileType = wrapper.application; includeInIndex = 0; path = "XYPlotForSwift-Demo.app"; sourceTree = BUILT_PRODUCTS_DIR; };
		38461ECE263C955D000E889B /* XYPlotForSwift_DemoApp.swift */ = {isa = PBXFileReference; lastKnownFileType = sourcecode.swift; path = XYPlotForSwift_DemoApp.swift; sourceTree = "<group>"; };
		38461ED0263C955D000E889B /* ContentView.swift */ = {isa = PBXFileReference; lastKnownFileType = sourcecode.swift; path = ContentView.swift; sourceTree = "<group>"; };
		38461ED2263C955E000E889B /* Assets.xcassets */ = {isa = PBXFileReference; lastKnownFileType = folder.assetcatalog; path = Assets.xcassets; sourceTree = "<group>"; };
		38461ED5263C955E000E889B /* Preview Assets.xcassets */ = {isa = PBXFileReference; lastKnownFileType = folder.assetcatalog; path = "Preview Assets.xcassets"; sourceTree = "<group>"; };
		38461ED7263C955E000E889B /* Info.plist */ = {isa = PBXFileReference; lastKnownFileType = text.plist.xml; path = Info.plist; sourceTree = "<group>"; };
		38A7A8FF2647509C00784B42 /* DemoDataSources.swift */ = {isa = PBXFileReference; lastKnownFileType = sourcecode.swift; path = DemoDataSources.swift; sourceTree = "<group>"; };
		38D4B050264825D400ADEC58 /* PlotSelector.swift */ = {isa = PBXFileReference; lastKnownFileType = sourcecode.swift; path = PlotSelector.swift; sourceTree = "<group>"; };
		38D4B052264827CE00ADEC58 /* TickMaker.swift */ = {isa = PBXFileReference; lastKnownFileType = sourcecode.swift; path = TickMaker.swift; sourceTree = "<group>"; };
/* End PBXFileReference section */

/* Begin PBXFrameworksBuildPhase section */
		38461EC8263C955D000E889B /* Frameworks */ = {
			isa = PBXFrameworksBuildPhase;
			buildActionMask = 2147483647;
			files = (
				38461EDF263C9590000E889B /* XYPlotForSwift in Frameworks */,
			);
			runOnlyForDeploymentPostprocessing = 0;
		};
/* End PBXFrameworksBuildPhase section */

/* Begin PBXGroup section */
		38461EC2263C955D000E889B = {
			isa = PBXGroup;
			children = (
				38461ECD263C955D000E889B /* XYPlotForSwift-Demo */,
				38461ECC263C955D000E889B /* Products */,
			);
			sourceTree = "<group>";
		};
		38461ECC263C955D000E889B /* Products */ = {
			isa = PBXGroup;
			children = (
				38461ECB263C955D000E889B /* XYPlotForSwift-Demo.app */,
			);
			name = Products;
			sourceTree = "<group>";
		};
		38461ECD263C955D000E889B /* XYPlotForSwift-Demo */ = {
			isa = PBXGroup;
			children = (
				38461ED2263C955E000E889B /* Assets.xcassets */,
				38461ED0263C955D000E889B /* ContentView.swift */,
				38A7A8FF2647509C00784B42 /* DemoDataSources.swift */,
				38461ED7263C955E000E889B /* Info.plist */,
				38461ED4263C955E000E889B /* Preview Content */,
				38461ECE263C955D000E889B /* XYPlotForSwift_DemoApp.swift */,
				38D4B050264825D400ADEC58 /* PlotSelector.swift */,
				38D4B052264827CE00ADEC58 /* TickMaker.swift */,
			);
			path = "XYPlotForSwift-Demo";
			sourceTree = "<group>";
		};
		38461ED4263C955E000E889B /* Preview Content */ = {
			isa = PBXGroup;
			children = (
				38461ED5263C955E000E889B /* Preview Assets.xcassets */,
			);
			path = "Preview Content";
			sourceTree = "<group>";
		};
/* End PBXGroup section */

/* Begin PBXNativeTarget section */
		38461ECA263C955D000E889B /* XYPlotForSwift-Demo */ = {
			isa = PBXNativeTarget;
			buildConfigurationList = 38461EDA263C955E000E889B /* Build configuration list for PBXNativeTarget "XYPlotForSwift-Demo" */;
			buildPhases = (
				38461EC7263C955D000E889B /* Sources */,
				38461EC8263C955D000E889B /* Frameworks */,
				38461EC9263C955D000E889B /* Resources */,
			);
			buildRules = (
			);
			dependencies = (
			);
			name = "XYPlotForSwift-Demo";
			packageProductDependencies = (
				38461EDE263C9590000E889B /* XYPlotForSwift */,
			);
			productName = "XYPlotForSwift-Demo";
			productReference = 38461ECB263C955D000E889B /* XYPlotForSwift-Demo.app */;
			productType = "com.apple.product-type.application";
		};
/* End PBXNativeTarget section */

/* Begin PBXProject section */
		38461EC3263C955D000E889B /* Project object */ = {
			isa = PBXProject;
			attributes = {
				LastSwiftUpdateCheck = 1250;
				LastUpgradeCheck = 1250;
				TargetAttributes = {
					38461ECA263C955D000E889B = {
						CreatedOnToolsVersion = 12.5;
					};
				};
			};
			buildConfigurationList = 38461EC6263C955D000E889B /* Build configuration list for PBXProject "XYPlotForSwift-Demo" */;
			compatibilityVersion = "Xcode 9.3";
			developmentRegion = en;
			hasScannedForEncodings = 0;
			knownRegions = (
				en,
				Base,
			);
			mainGroup = 38461EC2263C955D000E889B;
			packageReferences = (
				38461EDD263C9590000E889B /* XCRemoteSwiftPackageReference "XYPlotForSwift" */,
			);
			productRefGroup = 38461ECC263C955D000E889B /* Products */;
			projectDirPath = "";
			projectRoot = "";
			targets = (
				38461ECA263C955D000E889B /* XYPlotForSwift-Demo */,
			);
		};
/* End PBXProject section */

/* Begin PBXResourcesBuildPhase section */
		38461EC9263C955D000E889B /* Resources */ = {
			isa = PBXResourcesBuildPhase;
			buildActionMask = 2147483647;
			files = (
				38461ED6263C955E000E889B /* Preview Assets.xcassets in Resources */,
				38461ED3263C955E000E889B /* Assets.xcassets in Resources */,
			);
			runOnlyForDeploymentPostprocessing = 0;
		};
/* End PBXResourcesBuildPhase section */

/* Begin PBXSourcesBuildPhase section */
		38461EC7263C955D000E889B /* Sources */ = {
			isa = PBXSourcesBuildPhase;
			buildActionMask = 2147483647;
			files = (
				38A7A9002647509C00784B42 /* DemoDataSources.swift in Sources */,
				38D4B053264827CE00ADEC58 /* TickMaker.swift in Sources */,
				38D4B051264825D400ADEC58 /* PlotSelector.swift in Sources */,
				38461ED1263C955D000E889B /* ContentView.swift in Sources */,
				38461ECF263C955D000E889B /* XYPlotForSwift_DemoApp.swift in Sources */,
			);
			runOnlyForDeploymentPostprocessing = 0;
		};
/* End PBXSourcesBuildPhase section */

/* Begin XCBuildConfiguration section */
		38461ED8263C955E000E889B /* Debug */ = {
			isa = XCBuildConfiguration;
			buildSettings = {
				ALWAYS_SEARCH_USER_PATHS = NO;
				CLANG_ANALYZER_NONNULL = YES;
				CLANG_ANALYZER_NUMBER_OBJECT_CONVERSION = YES_AGGRESSIVE;
				CLANG_CXX_LANGUAGE_STANDARD = "gnu++14";
				CLANG_CXX_LIBRARY = "libc++";
				CLANG_ENABLE_MODULES = YES;
				CLANG_ENABLE_OBJC_ARC = YES;
				CLANG_ENABLE_OBJC_WEAK = YES;
				CLANG_WARN_BLOCK_CAPTURE_AUTORELEASING = YES;
				CLANG_WARN_BOOL_CONVERSION = YES;
				CLANG_WARN_COMMA = YES;
				CLANG_WARN_CONSTANT_CONVERSION = YES;
				CLANG_WARN_DEPRECATED_OBJC_IMPLEMENTATIONS = YES;
				CLANG_WARN_DIRECT_OBJC_ISA_USAGE = YES_ERROR;
				CLANG_WARN_DOCUMENTATION_COMMENTS = YES;
				CLANG_WARN_EMPTY_BODY = YES;
				CLANG_WARN_ENUM_CONVERSION = YES;
				CLANG_WARN_INFINITE_RECURSION = YES;
				CLANG_WARN_INT_CONVERSION = YES;
				CLANG_WARN_NON_LITERAL_NULL_CONVERSION = YES;
				CLANG_WARN_OBJC_IMPLICIT_RETAIN_SELF = YES;
				CLANG_WARN_OBJC_LITERAL_CONVERSION = YES;
				CLANG_WARN_OBJC_ROOT_CLASS = YES_ERROR;
				CLANG_WARN_QUOTED_INCLUDE_IN_FRAMEWORK_HEADER = YES;
				CLANG_WARN_RANGE_LOOP_ANALYSIS = YES;
				CLANG_WARN_STRICT_PROTOTYPES = YES;
				CLANG_WARN_SUSPICIOUS_MOVE = YES;
				CLANG_WARN_UNGUARDED_AVAILABILITY = YES_AGGRESSIVE;
				CLANG_WARN_UNREACHABLE_CODE = YES;
				CLANG_WARN__DUPLICATE_METHOD_MATCH = YES;
				COPY_PHASE_STRIP = NO;
				DEBUG_INFORMATION_FORMAT = dwarf;
				ENABLE_STRICT_OBJC_MSGSEND = YES;
				ENABLE_TESTABILITY = YES;
				GCC_C_LANGUAGE_STANDARD = gnu11;
				GCC_DYNAMIC_NO_PIC = NO;
				GCC_NO_COMMON_BLOCKS = YES;
				GCC_OPTIMIZATION_LEVEL = 0;
				GCC_PREPROCESSOR_DEFINITIONS = (
					"DEBUG=1",
					"$(inherited)",
				);
				GCC_WARN_64_TO_32_BIT_CONVERSION = YES;
				GCC_WARN_ABOUT_RETURN_TYPE = YES_ERROR;
				GCC_WARN_UNDECLARED_SELECTOR = YES;
				GCC_WARN_UNINITIALIZED_AUTOS = YES_AGGRESSIVE;
				GCC_WARN_UNUSED_FUNCTION = YES;
				GCC_WARN_UNUSED_VARIABLE = YES;
				IPHONEOS_DEPLOYMENT_TARGET = 14.5;
				MTL_ENABLE_DEBUG_INFO = INCLUDE_SOURCE;
				MTL_FAST_MATH = YES;
				ONLY_ACTIVE_ARCH = YES;
				SDKROOT = iphoneos;
				SWIFT_ACTIVE_COMPILATION_CONDITIONS = DEBUG;
				SWIFT_OPTIMIZATION_LEVEL = "-Onone";
			};
			name = Debug;
		};
		38461ED9263C955E000E889B /* Release */ = {
			isa = XCBuildConfiguration;
			buildSettings = {
				ALWAYS_SEARCH_USER_PATHS = NO;
				CLANG_ANALYZER_NONNULL = YES;
				CLANG_ANALYZER_NUMBER_OBJECT_CONVERSION = YES_AGGRESSIVE;
				CLANG_CXX_LANGUAGE_STANDARD = "gnu++14";
				CLANG_CXX_LIBRARY = "libc++";
				CLANG_ENABLE_MODULES = YES;
				CLANG_ENABLE_OBJC_ARC = YES;
				CLANG_ENABLE_OBJC_WEAK = YES;
				CLANG_WARN_BLOCK_CAPTURE_AUTORELEASING = YES;
				CLANG_WARN_BOOL_CONVERSION = YES;
				CLANG_WARN_COMMA = YES;
				CLANG_WARN_CONSTANT_CONVERSION = YES;
				CLANG_WARN_DEPRECATED_OBJC_IMPLEMENTATIONS = YES;
				CLANG_WARN_DIRECT_OBJC_ISA_USAGE = YES_ERROR;
				CLANG_WARN_DOCUMENTATION_COMMENTS = YES;
				CLANG_WARN_EMPTY_BODY = YES;
				CLANG_WARN_ENUM_CONVERSION = YES;
				CLANG_WARN_INFINITE_RECURSION = YES;
				CLANG_WARN_INT_CONVERSION = YES;
				CLANG_WARN_NON_LITERAL_NULL_CONVERSION = YES;
				CLANG_WARN_OBJC_IMPLICIT_RETAIN_SELF = YES;
				CLANG_WARN_OBJC_LITERAL_CONVERSION = YES;
				CLANG_WARN_OBJC_ROOT_CLASS = YES_ERROR;
				CLANG_WARN_QUOTED_INCLUDE_IN_FRAMEWORK_HEADER = YES;
				CLANG_WARN_RANGE_LOOP_ANALYSIS = YES;
				CLANG_WARN_STRICT_PROTOTYPES = YES;
				CLANG_WARN_SUSPICIOUS_MOVE = YES;
				CLANG_WARN_UNGUARDED_AVAILABILITY = YES_AGGRESSIVE;
				CLANG_WARN_UNREACHABLE_CODE = YES;
				CLANG_WARN__DUPLICATE_METHOD_MATCH = YES;
				COPY_PHASE_STRIP = NO;
				DEBUG_INFORMATION_FORMAT = "dwarf-with-dsym";
				ENABLE_NS_ASSERTIONS = NO;
				ENABLE_STRICT_OBJC_MSGSEND = YES;
				GCC_C_LANGUAGE_STANDARD = gnu11;
				GCC_NO_COMMON_BLOCKS = YES;
				GCC_WARN_64_TO_32_BIT_CONVERSION = YES;
				GCC_WARN_ABOUT_RETURN_TYPE = YES_ERROR;
				GCC_WARN_UNDECLARED_SELECTOR = YES;
				GCC_WARN_UNINITIALIZED_AUTOS = YES_AGGRESSIVE;
				GCC_WARN_UNUSED_FUNCTION = YES;
				GCC_WARN_UNUSED_VARIABLE = YES;
				IPHONEOS_DEPLOYMENT_TARGET = 14.5;
				MTL_ENABLE_DEBUG_INFO = NO;
				MTL_FAST_MATH = YES;
				SDKROOT = iphoneos;
				SWIFT_COMPILATION_MODE = wholemodule;
				SWIFT_OPTIMIZATION_LEVEL = "-O";
				VALIDATE_PRODUCT = YES;
			};
			name = Release;
		};
		38461EDB263C955E000E889B /* Debug */ = {
			isa = XCBuildConfiguration;
			buildSettings = {
				ASSETCATALOG_COMPILER_APPICON_NAME = AppIcon;
				ASSETCATALOG_COMPILER_GLOBAL_ACCENT_COLOR_NAME = AccentColor;
				CODE_SIGN_STYLE = Automatic;
				DEVELOPMENT_ASSET_PATHS = "\"XYPlotForSwift-Demo/Preview Content\"";
				DEVELOPMENT_TEAM = VV92S3CB9G;
				ENABLE_PREVIEWS = YES;
				INFOPLIST_FILE = "XYPlotForSwift-Demo/Info.plist";
				IPHONEOS_DEPLOYMENT_TARGET = 14.0;
				LD_RUNPATH_SEARCH_PATHS = (
					"$(inherited)",
					"@executable_path/Frameworks",
				);
				PRODUCT_BUNDLE_IDENTIFIER = "com.jehanson.XYPlotForSwift-Demo";
				PRODUCT_NAME = "$(TARGET_NAME)";
				SWIFT_VERSION = 5.0;
				TARGETED_DEVICE_FAMILY = "1,2";
			};
			name = Debug;
		};
		38461EDC263C955E000E889B /* Release */ = {
			isa = XCBuildConfiguration;
			buildSettings = {
				ASSETCATALOG_COMPILER_APPICON_NAME = AppIcon;
				ASSETCATALOG_COMPILER_GLOBAL_ACCENT_COLOR_NAME = AccentColor;
				CODE_SIGN_STYLE = Automatic;
				DEVELOPMENT_ASSET_PATHS = "\"XYPlotForSwift-Demo/Preview Content\"";
				DEVELOPMENT_TEAM = VV92S3CB9G;
				ENABLE_PREVIEWS = YES;
				INFOPLIST_FILE = "XYPlotForSwift-Demo/Info.plist";
				IPHONEOS_DEPLOYMENT_TARGET = 14.0;
				LD_RUNPATH_SEARCH_PATHS = (
					"$(inherited)",
					"@executable_path/Frameworks",
				);
				PRODUCT_BUNDLE_IDENTIFIER = "com.jehanson.XYPlotForSwift-Demo";
				PRODUCT_NAME = "$(TARGET_NAME)";
				SWIFT_VERSION = 5.0;
				TARGETED_DEVICE_FAMILY = "1,2";
			};
			name = Release;
		};
/* End XCBuildConfiguration section */

/* Begin XCConfigurationList section */
		38461EC6263C955D000E889B /* Build configuration list for PBXProject "XYPlotForSwift-Demo" */ = {
			isa = XCConfigurationList;
			buildConfigurations = (
				38461ED8263C955E000E889B /* Debug */,
				38461ED9263C955E000E889B /* Release */,
			);
			defaultConfigurationIsVisible = 0;
			defaultConfigurationName = Release;
		};
		38461EDA263C955E000E889B /* Build configuration list for PBXNativeTarget "XYPlotForSwift-Demo" */ = {
			isa = XCConfigurationList;
			buildConfigurations = (
				38461EDB263C955E000E889B /* Debug */,
				38461EDC263C955E000E889B /* Release */,
			);
			defaultConfigurationIsVisible = 0;
			defaultConfigurationName = Release;
		};
/* End XCConfigurationList section */

/* Begin XCRemoteSwiftPackageReference section */
		38461EDD263C9590000E889B /* XCRemoteSwiftPackageReference "XYPlotForSwift" */ = {
			isa = XCRemoteSwiftPackageReference;
			repositoryURL = "file:///Users/jim/Projects/XYPlotForSwift/XYPlotForSwift";
			requirement = {
				branch = dev;
				kind = branch;
			};
		};
/* End XCRemoteSwiftPackageReference section */

/* Begin XCSwiftPackageProductDependency section */
		38461EDE263C9590000E889B /* XYPlotForSwift */ = {
			isa = XCSwiftPackageProductDependency;
			package = 38461EDD263C9590000E889B /* XCRemoteSwiftPackageReference "XYPlotForSwift" */;
			productName = XYPlotForSwift;
		};
/* End XCSwiftPackageProductDependency section */
	};
	rootObject = 38461EC3263C955D000E889B /* Project object */;
}
